
Microsoft Visual Studio Solution File, Format Version 12.00
# Visual Studio 15
VisualStudioVersion = 15.0.26430.16
MinimumVisualStudioVersion = 10.0.40219.1
Project("{FAE04EC0-301F-11D3-BF4B-00C04F79EFBC}") = "KipjeBot", "KipjeBot\KipjeBot.csproj", "{8F762EAC-EBC3-499E-B00D-5F4BCB59A27B}"
EndProject
Project("{2150E333-8FDC-42A3-9474-1A3956D46DE8}") = "Examples", "Examples", "{34FA0F92-7BF8-4A15-9F7A-DE24BCF3F159}"
EndProject
Project("{FAE04EC0-301F-11D3-BF4B-00C04F79EFBC}") = "AerialExample", "AerialExample\AerialExample.csproj", "{9192455C-934B-45AF-ADEC-3E56472D5B9D}"
EndProject
Project("{FAE04EC0-301F-11D3-BF4B-00C04F79EFBC}") = "ControllerPassthrough", "ControllerPassThrough\ControllerPassthrough.csproj", "{E1D27FA9-84CE-4EE2-B34E-13CBC5E7BDC1}"
EndProject
Project("{FAE04EC0-301F-11D3-BF4B-00C04F79EFBC}") = "KickOffExample", "KickOffExample\KickOffExample.csproj", "{EC312F99-CA36-4B1A-B7E1-AC60D56EF3EA}"
EndProject
Project("{FAE04EC0-301F-11D3-BF4B-00C04F79EFBC}") = "DadBot", "DadBot\DadBot.csproj", "{AFC8F065-214B-4E02-80B1-0579CC946117}"
EndProject
Project("{FAE04EC0-301F-11D3-BF4B-00C04F79EFBC}") = "FlipResetExample", "FlipResetExample\FlipResetExample.csproj", "{65D5D382-0524-49D6-A955-D5123A08DBC2}"
EndProject
Global
	GlobalSection(SolutionConfigurationPlatforms) = preSolution
		Debug|Any CPU = Debug|Any CPU
		Debug|x64 = Debug|x64
		Release|Any CPU = Release|Any CPU
		Release|x64 = Release|x64
	EndGlobalSection
	GlobalSection(ProjectConfigurationPlatforms) = postSolution
		{8F762EAC-EBC3-499E-B00D-5F4BCB59A27B}.Debug|Any CPU.ActiveCfg = Debug|Any CPU
		{8F762EAC-EBC3-499E-B00D-5F4BCB59A27B}.Debug|Any CPU.Build.0 = Debug|Any CPU
		{8F762EAC-EBC3-499E-B00D-5F4BCB59A27B}.Debug|x64.ActiveCfg = Debug|Any CPU
		{8F762EAC-EBC3-499E-B00D-5F4BCB59A27B}.Debug|x64.Build.0 = Debug|Any CPU
		{8F762EAC-EBC3-499E-B00D-5F4BCB59A27B}.Release|Any CPU.ActiveCfg = Release|Any CPU
		{8F762EAC-EBC3-499E-B00D-5F4BCB59A27B}.Release|Any CPU.Build.0 = Release|Any CPU
		{8F762EAC-EBC3-499E-B00D-5F4BCB59A27B}.Release|x64.ActiveCfg = Release|Any CPU
		{8F762EAC-EBC3-499E-B00D-5F4BCB59A27B}.Release|x64.Build.0 = Release|Any CPU
		{9192455C-934B-45AF-ADEC-3E56472D5B9D}.Debug|Any CPU.ActiveCfg = Debug|Any CPU
		{9192455C-934B-45AF-ADEC-3E56472D5B9D}.Debug|Any CPU.Build.0 = Debug|Any CPU
		{9192455C-934B-45AF-ADEC-3E56472D5B9D}.Debug|x64.ActiveCfg = Debug|x64
		{9192455C-934B-45AF-ADEC-3E56472D5B9D}.Debug|x64.Build.0 = Debug|x64
		{9192455C-934B-45AF-ADEC-3E56472D5B9D}.Release|Any CPU.ActiveCfg = Release|Any CPU
		{9192455C-934B-45AF-ADEC-3E56472D5B9D}.Release|Any CPU.Build.0 = Release|Any CPU
		{9192455C-934B-45AF-ADEC-3E56472D5B9D}.Release|x64.ActiveCfg = Release|x64
		{9192455C-934B-45AF-ADEC-3E56472D5B9D}.Release|x64.Build.0 = Release|x64
		{E1D27FA9-84CE-4EE2-B34E-13CBC5E7BDC1}.Debug|Any CPU.ActiveCfg = Debug|Any CPU
		{E1D27FA9-84CE-4EE2-B34E-13CBC5E7BDC1}.Debug|Any CPU.Build.0 = Debug|Any CPU
		{E1D27FA9-84CE-4EE2-B34E-13CBC5E7BDC1}.Debug|x64.ActiveCfg = Debug|Any CPU
		{E1D27FA9-84CE-4EE2-B34E-13CBC5E7BDC1}.Debug|x64.Build.0 = Debug|Any CPU
		{E1D27FA9-84CE-4EE2-B34E-13CBC5E7BDC1}.Release|Any CPU.ActiveCfg = Release|Any CPU
		{E1D27FA9-84CE-4EE2-B34E-13CBC5E7BDC1}.Release|Any CPU.Build.0 = Release|Any CPU
		{E1D27FA9-84CE-4EE2-B34E-13CBC5E7BDC1}.Release|x64.ActiveCfg = Release|Any CPU
		{E1D27FA9-84CE-4EE2-B34E-13CBC5E7BDC1}.Release|x64.Build.0 = Release|Any CPU
		{EC312F99-CA36-4B1A-B7E1-AC60D56EF3EA}.Debug|Any CPU.ActiveCfg = Debug|Any CPU
		{EC312F99-CA36-4B1A-B7E1-AC60D56EF3EA}.Debug|Any CPU.Build.0 = Debug|Any CPU
		{EC312F99-CA36-4B1A-B7E1-AC60D56EF3EA}.Debug|x64.ActiveCfg = Debug|Any CPU
		{EC312F99-CA36-4B1A-B7E1-AC60D56EF3EA}.Debug|x64.Build.0 = Debug|Any CPU
		{EC312F99-CA36-4B1A-B7E1-AC60D56EF3EA}.Release|Any CPU.ActiveCfg = Release|Any CPU
		{EC312F99-CA36-4B1A-B7E1-AC60D56EF3EA}.Release|Any CPU.Build.0 = Release|Any CPU
		{EC312F99-CA36-4B1A-B7E1-AC60D56EF3EA}.Release|x64.ActiveCfg = Release|Any CPU
		{EC312F99-CA36-4B1A-B7E1-AC60D56EF3EA}.Release|x64.Build.0 = Release|Any CPU
		{AFC8F065-214B-4E02-80B1-0579CC946117}.Debug|Any CPU.ActiveCfg = Debug|Any CPU
		{AFC8F065-214B-4E02-80B1-0579CC946117}.Debug|Any CPU.Build.0 = Debug|Any CPU
		{AFC8F065-214B-4E02-80B1-0579CC946117}.Debug|x64.ActiveCfg = Debug|Any CPU
		{AFC8F065-214B-4E02-80B1-0579CC946117}.Debug|x64.Build.0 = Debug|Any CPU
		{AFC8F065-214B-4E02-80B1-0579CC946117}.Release|Any CPU.ActiveCfg = Release|Any CPU
		{AFC8F065-214B-4E02-80B1-0579CC946117}.Release|Any CPU.Build.0 = Release|Any CPU
		{AFC8F065-214B-4E02-80B1-0579CC946117}.Release|x64.ActiveCfg = Release|Any CPU
		{AFC8F065-214B-4E02-80B1-0579CC946117}.Release|x64.Build.0 = Release|Any CPU
		{65D5D382-0524-49D6-A955-D5123A08DBC2}.Debug|Any CPU.ActiveCfg = Debug|x64
		{65D5D382-0524-49D6-A955-D5123A08DBC2}.Debug|Any CPU.Build.0 = Debug|x64
		{65D5D382-0524-49D6-A955-D5123A08DBC2}.Debug|x64.ActiveCfg = Debug|x64
		{65D5D382-0524-49D6-A955-D5123A08DBC2}.Debug|x64.Build.0 = Debug|x64
		{65D5D382-0524-49D6-A955-D5123A08DBC2}.Release|Any CPU.ActiveCfg = Release|Any CPU
		{65D5D382-0524-49D6-A955-D5123A08DBC2}.Release|Any CPU.Build.0 = Release|Any CPU
		{65D5D382-0524-49D6-A955-D5123A08DBC2}.Release|x64.ActiveCfg = Release|x64
		{65D5D382-0524-49D6-A955-D5123A08DBC2}.Release|x64.Build.0 = Release|x64
	EndGlobalSection
	GlobalSection(SolutionProperties) = preSolution
		HideSolutionNode = FALSE
	EndGlobalSection
	GlobalSection(NestedProjects) = preSolution
		{9192455C-934B-45AF-ADEC-3E56472D5B9D} = {34FA0F92-7BF8-4A15-9F7A-DE24BCF3F159}
		{E1D27FA9-84CE-4EE2-B34E-13CBC5E7BDC1} = {34FA0F92-7BF8-4A15-9F7A-DE24BCF3F159}
		{EC312F99-CA36-4B1A-B7E1-AC60D56EF3EA} = {34FA0F92-7BF8-4A15-9F7A-DE24BCF3F159}
		{AFC8F065-214B-4E02-80B1-0579CC946117} = {34FA0F92-7BF8-4A15-9F7A-DE24BCF3F159}
		{65D5D382-0524-49D6-A955-D5123A08DBC2} = {34FA0F92-7BF8-4A15-9F7A-DE24BCF3F159}
	EndGlobalSection
	GlobalSection(ExtensibilityGlobals) = postSolution
		{65D5D382-0524-49D6-A955-D5123A08DBC2} = {34FA0F92-7BF8-4A15-9F7A-DE24BCF3F159}
		SolutionGuid = {64052D3E-5396-4C4C-B22E-603B88068268}
	EndGlobalSection
EndGlobal
